# THIS IS AN AUTOGENERATED FILE. DO NOT EDIT THIS FILE DIRECTLY.
# yarn lockfile v1


csv-stringify@^6.4.5:
  version "6.4.5"
  resolved "https://registry.yarnpkg.com/csv-stringify/-/csv-stringify-6.4.5.tgz#99808b40ec30b86cc0e1c7d707c1d6ecbc4e1a00"
  integrity sha512-SPu1Vnh8U5EnzpNOi1NDBL5jU5Rx7DVHr15DNg9LXDTAbQlAVAmEbVt16wZvEW9Fu9Qt4Ji8kmeCJ2B1+4rFTQ==
